// !$*UTF8*$!
{
	archiveVersion = 1;
	classes = {
	};
	objectVersion = 46;
	objects = {

/* Begin PBXBuildFile section */
		A07586E91C98A721001C22FE /* AppDelegate.swift in Sources */ = {isa = PBXBuildFile; fileRef = A07586E81C98A721001C22FE /* AppDelegate.swift */; };
		A07586EB1C98A721001C22FE /* ViewController.swift in Sources */ = {isa = PBXBuildFile; fileRef = A07586EA1C98A721001C22FE /* ViewController.swift */; };
		A07586EE1C98A721001C22FE /* Main.storyboard in Resources */ = {isa = PBXBuildFile; fileRef = A07586EC1C98A721001C22FE /* Main.storyboard */; };
		A07586F01C98A721001C22FE /* Assets.xcassets in Resources */ = {isa = PBXBuildFile; fileRef = A07586EF1C98A721001C22FE /* Assets.xcassets */; };
		A07586F31C98A721001C22FE /* LaunchScreen.storyboard in Resources */ = {isa = PBXBuildFile; fileRef = A07586F11C98A721001C22FE /* LaunchScreen.storyboard */; };
		A07586FE1C98A721001C22FE /* rpgoopTests.swift in Sources */ = {isa = PBXBuildFile; fileRef = A07586FD1C98A721001C22FE /* rpgoopTests.swift */; };
		A07587091C98A721001C22FE /* rpgoopUITests.swift in Sources */ = {isa = PBXBuildFile; fileRef = A07587081C98A721001C22FE /* rpgoopUITests.swift */; };
/* End PBXBuildFile section */

/* Begin PBXContainerItemProxy section */
		A07586FA1C98A721001C22FE /* PBXContainerItemProxy */ = {
			isa = PBXContainerItemProxy;
			containerPortal = A07586DD1C98A721001C22FE /* Project object */;
			proxyType = 1;
			remoteGlobalIDString = A07586E41C98A721001C22FE;
			remoteInfo = rpgoop;
		};
		A07587051C98A721001C22FE /* PBXContainerItemProxy */ = {
			isa = PBXContainerItemProxy;
			containerPortal = A07586DD1C98A721001C22FE /* Project object */;
			proxyType = 1;
			remoteGlobalIDString = A07586E41C98A721001C22FE;
			remoteInfo = rpgoop;
		};
/* End PBXContainerItemProxy section */

/* Begin PBXFileReference section */
		A07586E51C98A721001C22FE /* rpgoop.app */ = {isa = PBXFileReference; explicitFileType = wrapper.application; includeInIndex = 0; path = rpgoop.app; sourceTree = BUILT_PRODUCTS_DIR; };
		A07586E81C98A721001C22FE /* AppDelegate.swift */ = {isa = PBXFileReference; lastKnownFileType = sourcecode.swift; path = AppDelegate.swift; sourceTree = "<group>"; };
		A07586EA1C98A721001C22FE /* ViewController.swift */ = {isa = PBXFileReference; lastKnownFileType = sourcecode.swift; path = ViewController.swift; sourceTree = "<group>"; };
		A07586ED1C98A721001C22FE /* Base */ = {isa = PBXFileReference; lastKnownFileType = file.storyboard; name = Base; path = Base.lproj/Main.storyboard; sourceTree = "<group>"; };
		A07586EF1C98A721001C22FE /* Assets.xcassets */ = {isa = PBXFileReference; lastKnownFileType = folder.assetcatalog; path = Assets.xcassets; sourceTree = "<group>"; };
		A07586F21C98A721001C22FE /* Base */ = {isa = PBXFileReference; lastKnownFileType = file.storyboard; name = Base; path = Base.lproj/LaunchScreen.storyboard; sourceTree = "<group>"; };
		A07586F41C98A721001C22FE /* Info.plist */ = {isa = PBXFileReference; lastKnownFileType = text.plist.xml; path = Info.plist; sourceTree = "<group>"; };
		A07586F91C98A721001C22FE /* rpgoopTests.xctest */ = {isa = PBXFileReference; explicitFileType = wrapper.cfbundle; includeInIndex = 0; path = rpgoopTests.xctest; sourceTree = BUILT_PRODUCTS_DIR; };
		A07586FD1C98A721001C22FE /* rpgoopTests.swift */ = {isa = PBXFileReference; lastKnownFileType = sourcecode.swift; path = rpgoopTests.swift; sourceTree = "<group>"; };
		A07586FF1C98A721001C22FE /* Info.plist */ = {isa = PBXFileReference; lastKnownFileType = text.plist.xml; path = Info.plist; sourceTree = "<group>"; };
		A07587041C98A721001C22FE /* rpgoopUITests.xctest */ = {isa = PBXFileReference; explicitFileType = wrapper.cfbundle; includeInIndex = 0; path = rpgoopUITests.xctest; sourceTree = BUILT_PRODUCTS_DIR; };
		A07587081C98A721001C22FE /* rpgoopUITests.swift */ = {isa = PBXFileReference; lastKnownFileType = sourcecode.swift; path = rpgoopUITests.swift; sourceTree = "<group>"; };
		A075870A1C98A721001C22FE /* Info.plist */ = {isa = PBXFileReference; lastKnownFileType = text.plist.xml; path = Info.plist; sourceTree = "<group>"; };
/* End PBXFileReference section */

/* Begin PBXFrameworksBuildPhase section */
		A07586E21C98A721001C22FE /* Frameworks */ = {
			isa = PBXFrameworksBuildPhase;
			buildActionMask = 2147483647;
			files = (
			);
			runOnlyForDeploymentPostprocessing = 0;
		};
		A07586F61C98A721001C22FE /* Frameworks */ = {
			isa = PBXFrameworksBuildPhase;
			buildActionMask = 2147483647;
			files = (
			);
			runOnlyForDeploymentPostprocessing = 0;
		};
		A07587011C98A721001C22FE /* Frameworks */ = {
			isa = PBXFrameworksBuildPhase;
			buildActionMask = 2147483647;
			files = (
			);
			runOnlyForDeploymentPostprocessing = 0;
		};
/* End PBXFrameworksBuildPhase section */

/* Begin PBXGroup section */
		A07586DC1C98A721001C22FE = {
			isa = PBXGroup;
			children = (
				A07586E71C98A721001C22FE /* rpgoop */,
				A07586FC1C98A721001C22FE /* rpgoopTests */,
				A07587071C98A721001C22FE /* rpgoopUITests */,
				A07586E61C98A721001C22FE /* Products */,
			);
			sourceTree = "<group>";
		};
		A07586E61C98A721001C22FE /* Products */ = {
			isa = PBXGroup;
			children = (
				A07586E51C98A721001C22FE /* rpgoop.app */,
				A07586F91C98A721001C22FE /* rpgoopTests.xctest */,
				A07587041C98A721001C22FE /* rpgoopUITests.xctest */,
			);
			name = Products;
			sourceTree = "<group>";
		};
		A07586E71C98A721001C22FE /* rpgoop */ = {
			isa = PBXGroup;
			children = (
				A07586E81C98A721001C22FE /* AppDelegate.swift */,
				A07586EA1C98A721001C22FE /* ViewController.swift */,
				A07586EC1C98A721001C22FE /* Main.storyboard */,
				A07586EF1C98A721001C22FE /* Assets.xcassets */,
				A07586F11C98A721001C22FE /* LaunchScreen.storyboard */,
				A07586F41C98A721001C22FE /* Info.plist */,
			);
			path = rpgoop;
			sourceTree = "<group>";
		};
		A07586FC1C98A721001C22FE /* rpgoopTests */ = {
			isa = PBXGroup;
			children = (
				A07586FD1C98A721001C22FE /* rpgoopTests.swift */,
				A07586FF1C98A721001C22FE /* Info.plist */,
			);
			path = rpgoopTests;
			sourceTree = "<group>";
		};
		A07587071C98A721001C22FE /* rpgoopUITests */ = {
			isa = PBXGroup;
			children = (
				A07587081C98A721001C22FE /* rpgoopUITests.swift */,
				A075870A1C98A721001C22FE /* Info.plist */,
			);
			path = rpgoopUITests;
			sourceTree = "<group>";
		};
/* End PBXGroup section */

/* Begin PBXNativeTarget section */
		A07586E41C98A721001C22FE /* rpgoop */ = {
			isa = PBXNativeTarget;
			buildConfigurationList = A075870D1C98A721001C22FE /* Build configuration list for PBXNativeTarget "rpgoop" */;
			buildPhases = (
				A07586E11C98A721001C22FE /* Sources */,
				A07586E21C98A721001C22FE /* Frameworks */,
				A07586E31C98A721001C22FE /* Resources */,
			);
			buildRules = (
			);
			dependencies = (
			);
			name = rpgoop;
			productName = rpgoop;
			productReference = A07586E51C98A721001C22FE /* rpgoop.app */;
			productType = "com.apple.product-type.application";
		};
		A07586F81C98A721001C22FE /* rpgoopTests */ = {
			isa = PBXNativeTarget;
			buildConfigurationList = A07587101C98A721001C22FE /* Build configuration list for PBXNativeTarget "rpgoopTests" */;
			buildPhases = (
				A07586F51C98A721001C22FE /* Sources */,
				A07586F61C98A721001C22FE /* Frameworks */,
				A07586F71C98A721001C22FE /* Resources */,
			);
			buildRules = (
			);
			dependencies = (
				A07586FB1C98A721001C22FE /* PBXTargetDependency */,
			);
			name = rpgoopTests;
			productName = rpgoopTests;
			productReference = A07586F91C98A721001C22FE /* rpgoopTests.xctest */;
			productType = "com.apple.product-type.bundle.unit-test";
		};
		A07587031C98A721001C22FE /* rpgoopUITests */ = {
			isa = PBXNativeTarget;
			buildConfigurationList = A07587131C98A721001C22FE /* Build configuration list for PBXNativeTarget "rpgoopUITests" */;
			buildPhases = (
				A07587001C98A721001C22FE /* Sources */,
				A07587011C98A721001C22FE /* Frameworks */,
				A07587021C98A721001C22FE /* Resources */,
			);
			buildRules = (
			);
			dependencies = (
				A07587061C98A721001C22FE /* PBXTargetDependency */,
			);
			name = rpgoopUITests;
			productName = rpgoopUITests;
			productReference = A07587041C98A721001C22FE /* rpgoopUITests.xctest */;
			productType = "com.apple.product-type.bundle.ui-testing";
		};
/* End PBXNativeTarget section */

/* Begin PBXProject section */
		A07586DD1C98A721001C22FE /* Project object */ = {
			isa = PBXProject;
			attributes = {
				LastSwiftUpdateCheck = 0720;
				LastUpgradeCheck = 0720;
				ORGANIZATIONNAME = "Lucas Franco";
				TargetAttributes = {
					A07586E41C98A721001C22FE = {
						CreatedOnToolsVersion = 7.2.1;
					};
					A07586F81C98A721001C22FE = {
						CreatedOnToolsVersion = 7.2.1;
						TestTargetID = A07586E41C98A721001C22FE;
					};
					A07587031C98A721001C22FE = {
						CreatedOnToolsVersion = 7.2.1;
						TestTargetID = A07586E41C98A721001C22FE;
					};
				};
			};
			buildConfigurationList = A07586E01C98A721001C22FE /* Build configuration list for PBXProject "rpgoop" */;
			compatibilityVersion = "Xcode 3.2";
			developmentRegion = English;
			hasScannedForEncodings = 0;
			knownRegions = (
				en,
				Base,
			);
			mainGroup = A07586DC1C98A721001C22FE;
			productRefGroup = A07586E61C98A721001C22FE /* Products */;
			projectDirPath = "";
			projectRoot = "";
			targets = (
				A07586E41C98A721001C22FE /* rpgoop */,
				A07586F81C98A721001C22FE /* rpgoopTests */,
				A07587031C98A721001C22FE /* rpgoopUITests */,
			);
		};
/* End PBXProject section */

/* Begin PBXResourcesBuildPhase section */
		A07586E31C98A721001C22FE /* Resources */ = {
			isa = PBXResourcesBuildPhase;
			buildActionMask = 2147483647;
			files = (
				A07586F31C98A721001C22FE /* LaunchScreen.storyboard in Resources */,
				A07586F01C98A721001C22FE /* Assets.xcassets in Resources */,
				A07586EE1C98A721001C22FE /* Main.storyboard in Resources */,
			);
			runOnlyForDeploymentPostprocessing = 0;
		};
		A07586F71C98A721001C22FE /* Resources */ = {
			isa = PBXResourcesBuildPhase;
			buildActionMask = 2147483647;
			files = (
			);
			runOnlyForDeploymentPostprocessing = 0;
		};
		A07587021C98A721001C22FE /* Resources */ = {
			isa = PBXResourcesBuildPhase;
			buildActionMask = 2147483647;
			files = (
			);
			runOnlyForDeploymentPostprocessing = 0;
		};
/* End PBXResourcesBuildPhase section */

/* Begin PBXSourcesBuildPhase section */
		A07586E11C98A721001C22FE /* Sources */ = {
			isa = PBXSourcesBuildPhase;
			buildActionMask = 2147483647;
			files = (
				A07586EB1C98A721001C22FE /* ViewController.swift in Sources */,
				A07586E91C98A721001C22FE /* AppDelegate.swift in Sources */,
			);
			runOnlyForDeploymentPostprocessing = 0;
		};
		A07586F51C98A721001C22FE /* Sources */ = {
			isa = PBXSourcesBuildPhase;
			buildActionMask = 2147483647;
			files = (
				A07586FE1C98A721001C22FE /* rpgoopTests.swift in Sources */,
			);
			runOnlyForDeploymentPostprocessing = 0;
		};
		A07587001C98A721001C22FE /* Sources */ = {
			isa = PBXSourcesBuildPhase;
			buildActionMask = 2147483647;
			files = (
				A07587091C98A721001C22FE /* rpgoopUITests.swift in Sources */,
			);
			runOnlyForDeploymentPostprocessing = 0;
		};
/* End PBXSourcesBuildPhase section */

/* Begin PBXTargetDependency section */
		A07586FB1C98A721001C22FE /* PBXTargetDependency */ = {
			isa = PBXTargetDependency;
			target = A07586E41C98A721001C22FE /* rpgoop */;
			targetProxy = A07586FA1C98A721001C22FE /* PBXContainerItemProxy */;
		};
		A07587061C98A721001C22FE /* PBXTargetDependency */ = {
			isa = PBXTargetDependency;
			target = A07586E41C98A721001C22FE /* rpgoop */;
			targetProxy = A07587051C98A721001C22FE /* PBXContainerItemProxy */;
		};
/* End PBXTargetDependency section */

/* Begin PBXVariantGroup section */
		A07586EC1C98A721001C22FE /* Main.storyboard */ = {
			isa = PBXVariantGroup;
			children = (
				A07586ED1C98A721001C22FE /* Base */,
			);
			name = Main.storyboard;
			sourceTree = "<group>";
		};
		A07586F11C98A721001C22FE /* LaunchScreen.storyboard */ = {
			isa = PBXVariantGroup;
			children = (
				A07586F21C98A721001C22FE /* Base */,
			);
			name = LaunchScreen.storyboard;
			sourceTree = "<group>";
		};
/* End PBXVariantGroup section */

/* Begin XCBuildConfiguration section */
		A075870B1C98A721001C22FE /* Debug */ = {
			isa = XCBuildConfiguration;
			buildSettings = {
				ALWAYS_SEARCH_USER_PATHS = NO;
				CLANG_CXX_LANGUAGE_STANDARD = "gnu++0x";
				CLANG_CXX_LIBRARY = "libc++";
				CLANG_ENABLE_MODULES = YES;
				CLANG_ENABLE_OBJC_ARC = YES;
				CLANG_WARN_BOOL_CONVERSION = YES;
				CLANG_WARN_CONSTANT_CONVERSION = YES;
				CLANG_WARN_DIRECT_OBJC_ISA_USAGE = YES_ERROR;
				CLANG_WARN_EMPTY_BODY = YES;
				CLANG_WARN_ENUM_CONVERSION = YES;
				CLANG_WARN_INT_CONVERSION = YES;
				CLANG_WARN_OBJC_ROOT_CLASS = YES_ERROR;
				CLANG_WARN_UNREACHABLE_CODE = YES;
				CLANG_WARN__DUPLICATE_METHOD_MATCH = YES;
				"CODE_SIGN_IDENTITY[sdk=iphoneos*]" = "iPhone Developer";
				COPY_PHASE_STRIP = NO;
				DEBUG_INFORMATION_FORMAT = dwarf;
				ENABLE_STRICT_OBJC_MSGSEND = YES;
				ENABLE_TESTABILITY = YES;
				GCC_C_LANGUAGE_STANDARD = gnu99;
				GCC_DYNAMIC_NO_PIC = NO;
				GCC_NO_COMMON_BLOCKS = YES;
				GCC_OPTIMIZATION_LEVEL = 0;
				GCC_PREPROCESSOR_DEFINITIONS = (
					"DEBUG=1",
					"$(inherited)",
				);
				GCC_WARN_64_TO_32_BIT_CONVERSION = YES;
				GCC_WARN_ABOUT_RETURN_TYPE = YES_ERROR;
				GCC_WARN_UNDECLARED_SELECTOR = YES;
				GCC_WARN_UNINITIALIZED_AUTOS = YES_AGGRESSIVE;
				GCC_WARN_UNUSED_FUNCTION = YES;
				GCC_WARN_UNUSED_VARIABLE = YES;
				IPHONEOS_DEPLOYMENT_TARGET = 9.2;
				MTL_ENABLE_DEBUG_INFO = YES;
				ONLY_ACTIVE_ARCH = YES;
				SDKROOT = iphoneos;
				SWIFT_OPTIMIZATION_LEVEL = "-Onone";
				TARGETED_DEVICE_FAMILY = "1,2";
			};
			name = Debug;
		};
		A075870C1C98A721001C22FE /* Release */ = {
			isa = XCBuildConfiguration;
			buildSettings = {
				ALWAYS_SEARCH_USER_PATHS = NO;
				CLANG_CXX_LANGUAGE_STANDARD = "gnu++0x";
				CLANG_CXX_LIBRARY = "libc++";
				CLANG_ENABLE_MODULES = YES;
				CLANG_ENABLE_OBJC_ARC = YES;
				CLANG_WARN_BOOL_CONVERSION = YES;
				CLANG_WARN_CONSTANT_CONVERSION = YES;
				CLANG_WARN_DIRECT_OBJC_ISA_USAGE = YES_ERROR;
				CLANG_WARN_EMPTY_BODY = YES;
				CLANG_WARN_ENUM_CONVERSION = YES;
				CLANG_WARN_INT_CONVERSION = YES;
				CLANG_WARN_OBJC_ROOT_CLASS = YES_ERROR;
				CLANG_WARN_UNREACHABLE_CODE = YES;
				CLANG_WARN__DUPLICATE_METHOD_MATCH = YES;
				"CODE_SIGN_IDENTITY[sdk=iphoneos*]" = "iPhone Developer";
				COPY_PHASE_STRIP = NO;
				DEBUG_INFORMATION_FORMAT = "dwarf-with-dsym";
				ENABLE_NS_ASSERTIONS = NO;
				ENABLE_STRICT_OBJC_MSGSEND = YES;
				GCC_C_LANGUAGE_STANDARD = gnu99;
				GCC_NO_COMMON_BLOCKS = YES;
				GCC_WARN_64_TO_32_BIT_CONVERSION = YES;
				GCC_WARN_ABOUT_RETURN_TYPE = YES_ERROR;
				GCC_WARN_UNDECLARED_SELECTOR = YES;
				GCC_WARN_UNINITIALIZED_AUTOS = YES_AGGRESSIVE;
				GCC_WARN_UNUSED_FUNCTION = YES;
				GCC_WARN_UNUSED_VARIABLE = YES;
				IPHONEOS_DEPLOYMENT_TARGET = 9.2;
				MTL_ENABLE_DEBUG_INFO = NO;
				SDKROOT = iphoneos;
				TARGETED_DEVICE_FAMILY = "1,2";
				VALIDATE_PRODUCT = YES;
			};
			name = Release;
		};
		A075870E1C98A721001C22FE /* Debug */ = {
			isa = XCBuildConfiguration;
			buildSettings = {
				ASSETCATALOG_COMPILER_APPICON_NAME = AppIcon;
				INFOPLIST_FILE = rpgoop/Info.plist;
				LD_RUNPATH_SEARCH_PATHS = "$(inherited) @executable_path/Frameworks";
				PRODUCT_BUNDLE_IDENTIFIER = Lucas.rpgoop;
				PRODUCT_NAME = "$(TARGET_NAME)";
			};
			name = Debug;
		};
		A075870F1C98A721001C22FE /* Release */ = {
			isa = XCBuildConfiguration;
			buildSettings = {
				ASSETCATALOG_COMPILER_APPICON_NAME = AppIcon;
				INFOPLIST_FILE = rpgoop/Info.plist;
				LD_RUNPATH_SEARCH_PATHS = "$(inherited) @executable_path/Frameworks";
				PRODUCT_BUNDLE_IDENTIFIER = Lucas.rpgoop;
				PRODUCT_NAME = "$(TARGET_NAME)";
			};
			name = Release;
		};
		A07587111C98A721001C22FE /* Debug */ = {
			isa = XCBuildConfiguration;
			buildSettings = {
				BUNDLE_LOADER = "$(TEST_HOST)";
				INFOPLIST_FILE = rpgoopTests/Info.plist;
				LD_RUNPATH_SEARCH_PATHS = "$(inherited) @executable_path/Frameworks @loader_path/Frameworks";
				PRODUCT_BUNDLE_IDENTIFIER = Lucas.rpgoopTests;
				PRODUCT_NAME = "$(TARGET_NAME)";
				TEST_HOST = "$(BUILT_PRODUCTS_DIR)/rpgoop.app/rpgoop";
			};
			name = Debug;
		};
		A07587121C98A721001C22FE /* Release */ = {
			isa = XCBuildConfiguration;
			buildSettings = {
				BUNDLE_LOADER = "$(TEST_HOST)";
				INFOPLIST_FILE = rpgoopTests/Info.plist;
				LD_RUNPATH_SEARCH_PATHS = "$(inherited) @executable_path/Frameworks @loader_path/Frameworks";
				PRODUCT_BUNDLE_IDENTIFIER = Lucas.rpgoopTests;
				PRODUCT_NAME = "$(TARGET_NAME)";
				TEST_HOST = "$(BUILT_PRODUCTS_DIR)/rpgoop.app/rpgoop";
			};
			name = Release;
		};
		A07587141C98A721001C22FE /* Debug */ = {
			isa = XCBuildConfiguration;
			buildSettings = {
				INFOPLIST_FILE = rpgoopUITests/Info.plist;
				LD_RUNPATH_SEARCH_PATHS = "$(inherited) @executable_path/Frameworks @loader_path/Frameworks";
				PRODUCT_BUNDLE_IDENTIFIER = Lucas.rpgoopUITests;
				PRODUCT_NAME = "$(TARGET_NAME)";
				TEST_TARGET_NAME = rpgoop;
				USES_XCTRUNNER = YES;
			};
			name = Debug;
		};
		A07587151C98A721001C22FE /* Release */ = {
			isa = XCBuildConfiguration;
			buildSettings = {
				INFOPLIST_FILE = rpgoopUITests/Info.plist;
				LD_RUNPATH_SEARCH_PATHS = "$(inherited) @executable_path/Frameworks @loader_path/Frameworks";
				PRODUCT_BUNDLE_IDENTIFIER = Lucas.rpgoopUITests;
				PRODUCT_NAME = "$(TARGET_NAME)";
				TEST_TARGET_NAME = rpgoop;
				USES_XCTRUNNER = YES;
			};
			name = Release;
		};
/* End XCBuildConfiguration section */

/* Begin XCConfigurationList section */
		A07586E01C98A721001C22FE /* Build configuration list for PBXProject "rpgoop" */ = {
			isa = XCConfigurationList;
			buildConfigurations = (
				A075870B1C98A721001C22FE /* Debug */,
				A075870C1C98A721001C22FE /* Release */,
			);
			defaultConfigurationIsVisible = 0;
			defaultConfigurationName = Release;
		};
		A075870D1C98A721001C22FE /* Build configuration list for PBXNativeTarget "rpgoop" */ = {
			isa = XCConfigurationList;
			buildConfigurations = (
				A075870E1C98A721001C22FE /* Debug */,
				A075870F1C98A721001C22FE /* Release */,
			);
			defaultConfigurationIsVisible = 0;
		};
		A07587101C98A721001C22FE /* Build configuration list for PBXNativeTarget "rpgoopTests" */ = {
			isa = XCConfigurationList;
			buildConfigurations = (
				A07587111C98A721001C22FE /* Debug */,
				A07587121C98A721001C22FE /* Release */,
			);
			defaultConfigurationIsVisible = 0;
		};
		A07587131C98A721001C22FE /* Build configuration list for PBXNativeTarget "rpgoopUITests" */ = {
			isa = XCConfigurationList;
			buildConfigurations = (
				A07587141C98A721001C22FE /* Debug */,
				A07587151C98A721001C22FE /* Release */,
			);
			defaultConfigurationIsVisible = 0;
		};
/* End XCConfigurationList section */
	};
	rootObject = A07586DD1C98A721001C22FE /* Project object */;
}
